// !$*UTF8*$!
{
	archiveVersion = 1;
	classes = {
	};
	objectVersion = 55;
	objects = {

/* Begin PBXBuildFile section */
		5882EB5CF856B896B6DE6299 /* Pods_CodeBaseUIPractice.framework in Frameworks */ = {isa = PBXBuildFile; fileRef = B17B37F0ECC45449B52341B3 /* Pods_CodeBaseUIPractice.framework */; };
		CC7AFD6854ED7C57B058C477 /* Pods_CodeBaseUIPracticeTests.framework in Frameworks */ = {isa = PBXBuildFile; fileRef = 23C411EC18A2B998943282A8 /* Pods_CodeBaseUIPracticeTests.framework */; };
		D60A8CDB290779CF00713DE3 /* KeychainRepository.swift in Sources */ = {isa = PBXBuildFile; fileRef = D60A8CDA290779CF00713DE3 /* KeychainRepository.swift */; };
		D60A8CDF29077D3300713DE3 /* SplashScreenViewController.swift in Sources */ = {isa = PBXBuildFile; fileRef = D60A8CDE29077D3300713DE3 /* SplashScreenViewController.swift */; };
		D60A8CE12907D34A00713DE3 /* GoogleService-Info.plist in Resources */ = {isa = PBXBuildFile; fileRef = D60A8CE02907D34A00713DE3 /* GoogleService-Info.plist */; };
		D65591A929383BE000C558F0 /* JWTDecode in Frameworks */ = {isa = PBXBuildFile; productRef = D65591A829383BE000C558F0 /* JWTDecode */; };
		D6F3AD1528F7F0FD00EF55B1 /* AppDelegate.swift in Sources */ = {isa = PBXBuildFile; fileRef = D6F3AD1428F7F0FD00EF55B1 /* AppDelegate.swift */; };
		D6F3AD1728F7F0FD00EF55B1 /* SceneDelegate.swift in Sources */ = {isa = PBXBuildFile; fileRef = D6F3AD1628F7F0FD00EF55B1 /* SceneDelegate.swift */; };
		D6F3AD1928F7F0FD00EF55B1 /* ViewController.swift in Sources */ = {isa = PBXBuildFile; fileRef = D6F3AD1828F7F0FD00EF55B1 /* ViewController.swift */; };
		D6F3AD1E28F7F0FE00EF55B1 /* Assets.xcassets in Resources */ = {isa = PBXBuildFile; fileRef = D6F3AD1D28F7F0FE00EF55B1 /* Assets.xcassets */; };
		D6F3AD2128F7F0FE00EF55B1 /* LaunchScreen.storyboard in Resources */ = {isa = PBXBuildFile; fileRef = D6F3AD1F28F7F0FE00EF55B1 /* LaunchScreen.storyboard */; };
		D6F3AD2C28F7F0FE00EF55B1 /* CodeBaseUIPracticeTests.swift in Sources */ = {isa = PBXBuildFile; fileRef = D6F3AD2B28F7F0FE00EF55B1 /* CodeBaseUIPracticeTests.swift */; };
		D6F3AD3628F7F0FE00EF55B1 /* CodeBaseUIPracticeUITests.swift in Sources */ = {isa = PBXBuildFile; fileRef = D6F3AD3528F7F0FE00EF55B1 /* CodeBaseUIPracticeUITests.swift */; };
		D6F3AD3828F7F0FE00EF55B1 /* CodeBaseUIPracticeUITestsLaunchTests.swift in Sources */ = {isa = PBXBuildFile; fileRef = D6F3AD3728F7F0FE00EF55B1 /* CodeBaseUIPracticeUITestsLaunchTests.swift */; };
		D6F3AD4E28F7F80700EF55B1 /* SnapKit in Frameworks */ = {isa = PBXBuildFile; productRef = D6F3AD4D28F7F80700EF55B1 /* SnapKit */; };
		D6F3AD5028F7F84D00EF55B1 /* SecondViewController.swift in Sources */ = {isa = PBXBuildFile; fileRef = D6F3AD4F28F7F84D00EF55B1 /* SecondViewController.swift */; };
		D6F3AD552902719700EF55B1 /* CustomCell.swift in Sources */ = {isa = PBXBuildFile; fileRef = D6F3AD542902719700EF55B1 /* CustomCell.swift */; };
		D6F3AD672902879400EF55B1 /* RxCocoa in Frameworks */ = {isa = PBXBuildFile; productRef = D6F3AD662902879400EF55B1 /* RxCocoa */; };
		D6F3AD692902879400EF55B1 /* RxRelay in Frameworks */ = {isa = PBXBuildFile; productRef = D6F3AD682902879400EF55B1 /* RxRelay */; };
		D6F3AD6B2902879400EF55B1 /* RxSwift in Frameworks */ = {isa = PBXBuildFile; productRef = D6F3AD6A2902879400EF55B1 /* RxSwift */; };
		D6F3AD6D29061CF200EF55B1 /* AppleLoginViewController.swift in Sources */ = {isa = PBXBuildFile; fileRef = D6F3AD6C29061CF200EF55B1 /* AppleLoginViewController.swift */; };
		D6F3AD7429066C6800EF55B1 /* FirebaseAnalytics in Frameworks */ = {isa = PBXBuildFile; productRef = D6F3AD7329066C6800EF55B1 /* FirebaseAnalytics */; };
		D6F3AD7629066C6800EF55B1 /* FirebaseAnalyticsSwift in Frameworks */ = {isa = PBXBuildFile; productRef = D6F3AD7529066C6800EF55B1 /* FirebaseAnalyticsSwift */; };
		D6F3AD7829066C6800EF55B1 /* FirebaseAuth in Frameworks */ = {isa = PBXBuildFile; productRef = D6F3AD7729066C6800EF55B1 /* FirebaseAuth */; };
		D6F3AD7A29066C6800EF55B1 /* FirebaseDatabase in Frameworks */ = {isa = PBXBuildFile; productRef = D6F3AD7929066C6800EF55B1 /* FirebaseDatabase */; };
		D6F3AD7C29066C6800EF55B1 /* FirebaseDatabaseSwift in Frameworks */ = {isa = PBXBuildFile; productRef = D6F3AD7B29066C6800EF55B1 /* FirebaseDatabaseSwift */; };
		ED1AD9A962FE4DDE9CAABBEC /* Pods_CodeBaseUIPractice_CodeBaseUIPracticeUITests.framework in Frameworks */ = {isa = PBXBuildFile; fileRef = 4DF75C3AFD6AAF3057FC7935 /* Pods_CodeBaseUIPractice_CodeBaseUIPracticeUITests.framework */; };
/* End PBXBuildFile section */

/* Begin PBXContainerItemProxy section */
		D6F3AD2828F7F0FE00EF55B1 /* PBXContainerItemProxy */ = {
			isa = PBXContainerItemProxy;
			containerPortal = D6F3AD0928F7F0FD00EF55B1 /* Project object */;
			proxyType = 1;
			remoteGlobalIDString = D6F3AD1028F7F0FD00EF55B1;
			remoteInfo = CodeBaseUIPractice;
		};
		D6F3AD3228F7F0FE00EF55B1 /* PBXContainerItemProxy */ = {
			isa = PBXContainerItemProxy;
			containerPortal = D6F3AD0928F7F0FD00EF55B1 /* Project object */;
			proxyType = 1;
			remoteGlobalIDString = D6F3AD1028F7F0FD00EF55B1;
			remoteInfo = CodeBaseUIPractice;
		};
/* End PBXContainerItemProxy section */

/* Begin PBXFileReference section */
		23C411EC18A2B998943282A8 /* Pods_CodeBaseUIPracticeTests.framework */ = {isa = PBXFileReference; explicitFileType = wrapper.framework; includeInIndex = 0; path = Pods_CodeBaseUIPracticeTests.framework; sourceTree = BUILT_PRODUCTS_DIR; };
		4DF75C3AFD6AAF3057FC7935 /* Pods_CodeBaseUIPractice_CodeBaseUIPracticeUITests.framework */ = {isa = PBXFileReference; explicitFileType = wrapper.framework; includeInIndex = 0; path = Pods_CodeBaseUIPractice_CodeBaseUIPracticeUITests.framework; sourceTree = BUILT_PRODUCTS_DIR; };
		7D0063F5D2F1420CF676F080 /* Pods-CodeBaseUIPractice.debug.xcconfig */ = {isa = PBXFileReference; includeInIndex = 1; lastKnownFileType = text.xcconfig; name = "Pods-CodeBaseUIPractice.debug.xcconfig"; path = "Target Support Files/Pods-CodeBaseUIPractice/Pods-CodeBaseUIPractice.debug.xcconfig"; sourceTree = "<group>"; };
		86587286663DB6C04CF605A8 /* Pods-CodeBaseUIPracticeTests.release.xcconfig */ = {isa = PBXFileReference; includeInIndex = 1; lastKnownFileType = text.xcconfig; name = "Pods-CodeBaseUIPracticeTests.release.xcconfig"; path = "Target Support Files/Pods-CodeBaseUIPracticeTests/Pods-CodeBaseUIPracticeTests.release.xcconfig"; sourceTree = "<group>"; };
		9472A2A86BD668CC43004973 /* Pods-CodeBaseUIPractice-CodeBaseUIPracticeUITests.debug.xcconfig */ = {isa = PBXFileReference; includeInIndex = 1; lastKnownFileType = text.xcconfig; name = "Pods-CodeBaseUIPractice-CodeBaseUIPracticeUITests.debug.xcconfig"; path = "Target Support Files/Pods-CodeBaseUIPractice-CodeBaseUIPracticeUITests/Pods-CodeBaseUIPractice-CodeBaseUIPracticeUITests.debug.xcconfig"; sourceTree = "<group>"; };
		96729A4593B3C7F7B8B60D3D /* Pods-CodeBaseUIPractice.release.xcconfig */ = {isa = PBXFileReference; includeInIndex = 1; lastKnownFileType = text.xcconfig; name = "Pods-CodeBaseUIPractice.release.xcconfig"; path = "Target Support Files/Pods-CodeBaseUIPractice/Pods-CodeBaseUIPractice.release.xcconfig"; sourceTree = "<group>"; };
		B17B37F0ECC45449B52341B3 /* Pods_CodeBaseUIPractice.framework */ = {isa = PBXFileReference; explicitFileType = wrapper.framework; includeInIndex = 0; path = Pods_CodeBaseUIPractice.framework; sourceTree = BUILT_PRODUCTS_DIR; };
		BFC483AC320BD76D33D758F6 /* Pods-CodeBaseUIPracticeTests.debug.xcconfig */ = {isa = PBXFileReference; includeInIndex = 1; lastKnownFileType = text.xcconfig; name = "Pods-CodeBaseUIPracticeTests.debug.xcconfig"; path = "Target Support Files/Pods-CodeBaseUIPracticeTests/Pods-CodeBaseUIPracticeTests.debug.xcconfig"; sourceTree = "<group>"; };
		D60A8CD9290774AD00713DE3 /* CodeBaseUIPractice.entitlements */ = {isa = PBXFileReference; lastKnownFileType = text.plist.entitlements; path = CodeBaseUIPractice.entitlements; sourceTree = "<group>"; };
		D60A8CDA290779CF00713DE3 /* KeychainRepository.swift */ = {isa = PBXFileReference; lastKnownFileType = sourcecode.swift; path = KeychainRepository.swift; sourceTree = "<group>"; };
		D60A8CDE29077D3300713DE3 /* SplashScreenViewController.swift */ = {isa = PBXFileReference; lastKnownFileType = sourcecode.swift; path = SplashScreenViewController.swift; sourceTree = "<group>"; };
		D60A8CE02907D34A00713DE3 /* GoogleService-Info.plist */ = {isa = PBXFileReference; fileEncoding = 4; lastKnownFileType = text.plist.xml; path = "GoogleService-Info.plist"; sourceTree = "<group>"; };
		D6F3AD1128F7F0FD00EF55B1 /* CodeBaseUIPractice.app */ = {isa = PBXFileReference; explicitFileType = wrapper.application; includeInIndex = 0; path = CodeBaseUIPractice.app; sourceTree = BUILT_PRODUCTS_DIR; };
		D6F3AD1428F7F0FD00EF55B1 /* AppDelegate.swift */ = {isa = PBXFileReference; lastKnownFileType = sourcecode.swift; path = AppDelegate.swift; sourceTree = "<group>"; };
		D6F3AD1628F7F0FD00EF55B1 /* SceneDelegate.swift */ = {isa = PBXFileReference; lastKnownFileType = sourcecode.swift; path = SceneDelegate.swift; sourceTree = "<group>"; };
		D6F3AD1828F7F0FD00EF55B1 /* ViewController.swift */ = {isa = PBXFileReference; lastKnownFileType = sourcecode.swift; path = ViewController.swift; sourceTree = "<group>"; };
		D6F3AD1D28F7F0FE00EF55B1 /* Assets.xcassets */ = {isa = PBXFileReference; lastKnownFileType = folder.assetcatalog; path = Assets.xcassets; sourceTree = "<group>"; };
		D6F3AD2028F7F0FE00EF55B1 /* Base */ = {isa = PBXFileReference; lastKnownFileType = file.storyboard; name = Base; path = Base.lproj/LaunchScreen.storyboard; sourceTree = "<group>"; };
		D6F3AD2228F7F0FE00EF55B1 /* Info.plist */ = {isa = PBXFileReference; lastKnownFileType = text.plist.xml; path = Info.plist; sourceTree = "<group>"; };
		D6F3AD2728F7F0FE00EF55B1 /* CodeBaseUIPracticeTests.xctest */ = {isa = PBXFileReference; explicitFileType = wrapper.cfbundle; includeInIndex = 0; path = CodeBaseUIPracticeTests.xctest; sourceTree = BUILT_PRODUCTS_DIR; };
		D6F3AD2B28F7F0FE00EF55B1 /* CodeBaseUIPracticeTests.swift */ = {isa = PBXFileReference; lastKnownFileType = sourcecode.swift; path = CodeBaseUIPracticeTests.swift; sourceTree = "<group>"; };
		D6F3AD3128F7F0FE00EF55B1 /* CodeBaseUIPracticeUITests.xctest */ = {isa = PBXFileReference; explicitFileType = wrapper.cfbundle; includeInIndex = 0; path = CodeBaseUIPracticeUITests.xctest; sourceTree = BUILT_PRODUCTS_DIR; };
		D6F3AD3528F7F0FE00EF55B1 /* CodeBaseUIPracticeUITests.swift */ = {isa = PBXFileReference; lastKnownFileType = sourcecode.swift; path = CodeBaseUIPracticeUITests.swift; sourceTree = "<group>"; };
		D6F3AD3728F7F0FE00EF55B1 /* CodeBaseUIPracticeUITestsLaunchTests.swift */ = {isa = PBXFileReference; lastKnownFileType = sourcecode.swift; path = CodeBaseUIPracticeUITestsLaunchTests.swift; sourceTree = "<group>"; };
		D6F3AD4F28F7F84D00EF55B1 /* SecondViewController.swift */ = {isa = PBXFileReference; lastKnownFileType = sourcecode.swift; path = SecondViewController.swift; sourceTree = "<group>"; };
		D6F3AD542902719700EF55B1 /* CustomCell.swift */ = {isa = PBXFileReference; lastKnownFileType = sourcecode.swift; path = CustomCell.swift; sourceTree = "<group>"; };
		D6F3AD562902770000EF55B1 /* .swiftlint.yml */ = {isa = PBXFileReference; lastKnownFileType = text.yaml; path = .swiftlint.yml; sourceTree = "<group>"; };
		D6F3AD6C29061CF200EF55B1 /* AppleLoginViewController.swift */ = {isa = PBXFileReference; lastKnownFileType = sourcecode.swift; path = AppleLoginViewController.swift; sourceTree = "<group>"; };
		FE77B0A73D70B5DAB15857BF /* Pods-CodeBaseUIPractice-CodeBaseUIPracticeUITests.release.xcconfig */ = {isa = PBXFileReference; includeInIndex = 1; lastKnownFileType = text.xcconfig; name = "Pods-CodeBaseUIPractice-CodeBaseUIPracticeUITests.release.xcconfig"; path = "Target Support Files/Pods-CodeBaseUIPractice-CodeBaseUIPracticeUITests/Pods-CodeBaseUIPractice-CodeBaseUIPracticeUITests.release.xcconfig"; sourceTree = "<group>"; };
/* End PBXFileReference section */

/* Begin PBXFrameworksBuildPhase section */
		D6F3AD0E28F7F0FD00EF55B1 /* Frameworks */ = {
			isa = PBXFrameworksBuildPhase;
			buildActionMask = 2147483647;
			files = (
				D6F3AD7629066C6800EF55B1 /* FirebaseAnalyticsSwift in Frameworks */,
				D6F3AD692902879400EF55B1 /* RxRelay in Frameworks */,
				D6F3AD672902879400EF55B1 /* RxCocoa in Frameworks */,
				D65591A929383BE000C558F0 /* JWTDecode in Frameworks */,
				D6F3AD7C29066C6800EF55B1 /* FirebaseDatabaseSwift in Frameworks */,
				D6F3AD6B2902879400EF55B1 /* RxSwift in Frameworks */,
				D6F3AD7429066C6800EF55B1 /* FirebaseAnalytics in Frameworks */,
				D6F3AD7829066C6800EF55B1 /* FirebaseAuth in Frameworks */,
				D6F3AD7A29066C6800EF55B1 /* FirebaseDatabase in Frameworks */,
				D6F3AD4E28F7F80700EF55B1 /* SnapKit in Frameworks */,
				5882EB5CF856B896B6DE6299 /* Pods_CodeBaseUIPractice.framework in Frameworks */,
			);
			runOnlyForDeploymentPostprocessing = 0;
		};
		D6F3AD2428F7F0FE00EF55B1 /* Frameworks */ = {
			isa = PBXFrameworksBuildPhase;
			buildActionMask = 2147483647;
			files = (
				CC7AFD6854ED7C57B058C477 /* Pods_CodeBaseUIPracticeTests.framework in Frameworks */,
			);
			runOnlyForDeploymentPostprocessing = 0;
		};
		D6F3AD2E28F7F0FE00EF55B1 /* Frameworks */ = {
			isa = PBXFrameworksBuildPhase;
			buildActionMask = 2147483647;
			files = (
				ED1AD9A962FE4DDE9CAABBEC /* Pods_CodeBaseUIPractice_CodeBaseUIPracticeUITests.framework in Frameworks */,
			);
			runOnlyForDeploymentPostprocessing = 0;
		};
/* End PBXFrameworksBuildPhase section */

/* Begin PBXGroup section */
		865D839D339C46954F7AD07B /* Frameworks */ = {
			isa = PBXGroup;
			children = (
				B17B37F0ECC45449B52341B3 /* Pods_CodeBaseUIPractice.framework */,
				4DF75C3AFD6AAF3057FC7935 /* Pods_CodeBaseUIPractice_CodeBaseUIPracticeUITests.framework */,
				23C411EC18A2B998943282A8 /* Pods_CodeBaseUIPracticeTests.framework */,
			);
			name = Frameworks;
			sourceTree = "<group>";
		};
		9FB8581B78BEAE70B5C49C13 /* Pods */ = {
			isa = PBXGroup;
			children = (
				7D0063F5D2F1420CF676F080 /* Pods-CodeBaseUIPractice.debug.xcconfig */,
				96729A4593B3C7F7B8B60D3D /* Pods-CodeBaseUIPractice.release.xcconfig */,
				9472A2A86BD668CC43004973 /* Pods-CodeBaseUIPractice-CodeBaseUIPracticeUITests.debug.xcconfig */,
				FE77B0A73D70B5DAB15857BF /* Pods-CodeBaseUIPractice-CodeBaseUIPracticeUITests.release.xcconfig */,
				BFC483AC320BD76D33D758F6 /* Pods-CodeBaseUIPracticeTests.debug.xcconfig */,
				86587286663DB6C04CF605A8 /* Pods-CodeBaseUIPracticeTests.release.xcconfig */,
			);
			path = Pods;
			sourceTree = "<group>";
		};
		D6F3AD0828F7F0FD00EF55B1 = {
			isa = PBXGroup;
			children = (
				D6F3AD562902770000EF55B1 /* .swiftlint.yml */,
				D6F3AD1328F7F0FD00EF55B1 /* CodeBaseUIPractice */,
				D6F3AD2A28F7F0FE00EF55B1 /* CodeBaseUIPracticeTests */,
				D6F3AD3428F7F0FE00EF55B1 /* CodeBaseUIPracticeUITests */,
				D6F3AD1228F7F0FD00EF55B1 /* Products */,
				9FB8581B78BEAE70B5C49C13 /* Pods */,
				865D839D339C46954F7AD07B /* Frameworks */,
			);
			sourceTree = "<group>";
		};
		D6F3AD1228F7F0FD00EF55B1 /* Products */ = {
			isa = PBXGroup;
			children = (
				D6F3AD1128F7F0FD00EF55B1 /* CodeBaseUIPractice.app */,
				D6F3AD2728F7F0FE00EF55B1 /* CodeBaseUIPracticeTests.xctest */,
				D6F3AD3128F7F0FE00EF55B1 /* CodeBaseUIPracticeUITests.xctest */,
			);
			name = Products;
			sourceTree = "<group>";
		};
		D6F3AD1328F7F0FD00EF55B1 /* CodeBaseUIPractice */ = {
			isa = PBXGroup;
			children = (
				D60A8CE02907D34A00713DE3 /* GoogleService-Info.plist */,
				D60A8CD9290774AD00713DE3 /* CodeBaseUIPractice.entitlements */,
				D6F3AD1428F7F0FD00EF55B1 /* AppDelegate.swift */,
				D6F3AD1628F7F0FD00EF55B1 /* SceneDelegate.swift */,
				D6F3AD1828F7F0FD00EF55B1 /* ViewController.swift */,
				D6F3AD6C29061CF200EF55B1 /* AppleLoginViewController.swift */,
				D6F3AD4F28F7F84D00EF55B1 /* SecondViewController.swift */,
				D6F3AD1D28F7F0FE00EF55B1 /* Assets.xcassets */,
				D6F3AD1F28F7F0FE00EF55B1 /* LaunchScreen.storyboard */,
				D6F3AD2228F7F0FE00EF55B1 /* Info.plist */,
				D6F3AD542902719700EF55B1 /* CustomCell.swift */,
				D60A8CDA290779CF00713DE3 /* KeychainRepository.swift */,
				D60A8CDE29077D3300713DE3 /* SplashScreenViewController.swift */,
			);
			path = CodeBaseUIPractice;
			sourceTree = "<group>";
		};
		D6F3AD2A28F7F0FE00EF55B1 /* CodeBaseUIPracticeTests */ = {
			isa = PBXGroup;
			children = (
				D6F3AD2B28F7F0FE00EF55B1 /* CodeBaseUIPracticeTests.swift */,
			);
			path = CodeBaseUIPracticeTests;
			sourceTree = "<group>";
		};
		D6F3AD3428F7F0FE00EF55B1 /* CodeBaseUIPracticeUITests */ = {
			isa = PBXGroup;
			children = (
				D6F3AD3528F7F0FE00EF55B1 /* CodeBaseUIPracticeUITests.swift */,
				D6F3AD3728F7F0FE00EF55B1 /* CodeBaseUIPracticeUITestsLaunchTests.swift */,
			);
			path = CodeBaseUIPracticeUITests;
			sourceTree = "<group>";
		};
/* End PBXGroup section */

/* Begin PBXNativeTarget section */
		D6F3AD1028F7F0FD00EF55B1 /* CodeBaseUIPractice */ = {
			isa = PBXNativeTarget;
			buildConfigurationList = D6F3AD3B28F7F0FE00EF55B1 /* Build configuration list for PBXNativeTarget "CodeBaseUIPractice" */;
			buildPhases = (
				7E2EAFD757BDF895CCA5ADFC /* [CP] Check Pods Manifest.lock */,
				D6F3AD4428F7F24900EF55B1 /* SwiftLint Script */,
				D6F3AD0D28F7F0FD00EF55B1 /* Sources */,
				D6F3AD0E28F7F0FD00EF55B1 /* Frameworks */,
				D6F3AD0F28F7F0FD00EF55B1 /* Resources */,
				97D09E494721778C8C5CA695 /* [CP] Embed Pods Frameworks */,
			);
			buildRules = (
			);
			dependencies = (
			);
			name = CodeBaseUIPractice;
			packageProductDependencies = (
				D6F3AD4D28F7F80700EF55B1 /* SnapKit */,
				D6F3AD662902879400EF55B1 /* RxCocoa */,
				D6F3AD682902879400EF55B1 /* RxRelay */,
				D6F3AD6A2902879400EF55B1 /* RxSwift */,
				D6F3AD7329066C6800EF55B1 /* FirebaseAnalytics */,
				D6F3AD7529066C6800EF55B1 /* FirebaseAnalyticsSwift */,
				D6F3AD7729066C6800EF55B1 /* FirebaseAuth */,
				D6F3AD7929066C6800EF55B1 /* FirebaseDatabase */,
				D6F3AD7B29066C6800EF55B1 /* FirebaseDatabaseSwift */,
				D65591A829383BE000C558F0 /* JWTDecode */,
			);
			productName = CodeBaseUIPractice;
			productReference = D6F3AD1128F7F0FD00EF55B1 /* CodeBaseUIPractice.app */;
			productType = "com.apple.product-type.application";
		};
		D6F3AD2628F7F0FE00EF55B1 /* CodeBaseUIPracticeTests */ = {
			isa = PBXNativeTarget;
			buildConfigurationList = D6F3AD3E28F7F0FE00EF55B1 /* Build configuration list for PBXNativeTarget "CodeBaseUIPracticeTests" */;
			buildPhases = (
				1149C878A38BA0B71B3E6347 /* [CP] Check Pods Manifest.lock */,
				D6F3AD2328F7F0FE00EF55B1 /* Sources */,
				D6F3AD2428F7F0FE00EF55B1 /* Frameworks */,
				D6F3AD2528F7F0FE00EF55B1 /* Resources */,
			);
			buildRules = (
			);
			dependencies = (
				D6F3AD2928F7F0FE00EF55B1 /* PBXTargetDependency */,
			);
			name = CodeBaseUIPracticeTests;
			productName = CodeBaseUIPracticeTests;
			productReference = D6F3AD2728F7F0FE00EF55B1 /* CodeBaseUIPracticeTests.xctest */;
			productType = "com.apple.product-type.bundle.unit-test";
		};
		D6F3AD3028F7F0FE00EF55B1 /* CodeBaseUIPracticeUITests */ = {
			isa = PBXNativeTarget;
			buildConfigurationList = D6F3AD4128F7F0FE00EF55B1 /* Build configuration list for PBXNativeTarget "CodeBaseUIPracticeUITests" */;
			buildPhases = (
				C4412C4CF552B4D429C8B17D /* [CP] Check Pods Manifest.lock */,
				D6F3AD2D28F7F0FE00EF55B1 /* Sources */,
				D6F3AD2E28F7F0FE00EF55B1 /* Frameworks */,
				D6F3AD2F28F7F0FE00EF55B1 /* Resources */,
				064817AEB3A53464A4C728D6 /* [CP] Embed Pods Frameworks */,
			);
			buildRules = (
			);
			dependencies = (
				D6F3AD3328F7F0FE00EF55B1 /* PBXTargetDependency */,
			);
			name = CodeBaseUIPracticeUITests;
			productName = CodeBaseUIPracticeUITests;
			productReference = D6F3AD3128F7F0FE00EF55B1 /* CodeBaseUIPracticeUITests.xctest */;
			productType = "com.apple.product-type.bundle.ui-testing";
		};
/* End PBXNativeTarget section */

/* Begin PBXProject section */
		D6F3AD0928F7F0FD00EF55B1 /* Project object */ = {
			isa = PBXProject;
			attributes = {
				BuildIndependentTargetsInParallel = 1;
				LastSwiftUpdateCheck = 1400;
				LastUpgradeCheck = 1400;
				TargetAttributes = {
					D6F3AD1028F7F0FD00EF55B1 = {
						CreatedOnToolsVersion = 14.0;
					};
					D6F3AD2628F7F0FE00EF55B1 = {
						CreatedOnToolsVersion = 14.0;
						TestTargetID = D6F3AD1028F7F0FD00EF55B1;
					};
					D6F3AD3028F7F0FE00EF55B1 = {
						CreatedOnToolsVersion = 14.0;
						TestTargetID = D6F3AD1028F7F0FD00EF55B1;
					};
				};
			};
			buildConfigurationList = D6F3AD0C28F7F0FD00EF55B1 /* Build configuration list for PBXProject "CodeBaseUIPractice" */;
			compatibilityVersion = "Xcode 13.0";
			developmentRegion = en;
			hasScannedForEncodings = 0;
			knownRegions = (
				en,
				Base,
			);
			mainGroup = D6F3AD0828F7F0FD00EF55B1;
			packageReferences = (
				D6F3AD4C28F7F80700EF55B1 /* XCRemoteSwiftPackageReference "SnapKit" */,
				D6F3AD652902879400EF55B1 /* XCRemoteSwiftPackageReference "RxSwift" */,
				D6F3AD7229066C6800EF55B1 /* XCRemoteSwiftPackageReference "firebase-ios-sdk" */,
				D65591A729383BE000C558F0 /* XCRemoteSwiftPackageReference "JWTDecode" */,
			);
			productRefGroup = D6F3AD1228F7F0FD00EF55B1 /* Products */;
			projectDirPath = "";
			projectRoot = "";
			targets = (
				D6F3AD1028F7F0FD00EF55B1 /* CodeBaseUIPractice */,
				D6F3AD2628F7F0FE00EF55B1 /* CodeBaseUIPracticeTests */,
				D6F3AD3028F7F0FE00EF55B1 /* CodeBaseUIPracticeUITests */,
			);
		};
/* End PBXProject section */

/* Begin PBXResourcesBuildPhase section */
		D6F3AD0F28F7F0FD00EF55B1 /* Resources */ = {
			isa = PBXResourcesBuildPhase;
			buildActionMask = 2147483647;
			files = (
				D60A8CE12907D34A00713DE3 /* GoogleService-Info.plist in Resources */,
				D6F3AD2128F7F0FE00EF55B1 /* LaunchScreen.storyboard in Resources */,
				D6F3AD1E28F7F0FE00EF55B1 /* Assets.xcassets in Resources */,
			);
			runOnlyForDeploymentPostprocessing = 0;
		};
		D6F3AD2528F7F0FE00EF55B1 /* Resources */ = {
			isa = PBXResourcesBuildPhase;
			buildActionMask = 2147483647;
			files = (
			);
			runOnlyForDeploymentPostprocessing = 0;
		};
		D6F3AD2F28F7F0FE00EF55B1 /* Resources */ = {
			isa = PBXResourcesBuildPhase;
			buildActionMask = 2147483647;
			files = (
			);
			runOnlyForDeploymentPostprocessing = 0;
		};
/* End PBXResourcesBuildPhase section */

/* Begin PBXShellScriptBuildPhase section */
		064817AEB3A53464A4C728D6 /* [CP] Embed Pods Frameworks */ = {
			isa = PBXShellScriptBuildPhase;
			buildActionMask = 2147483647;
			files = (
			);
			inputFileListPaths = (
				"${PODS_ROOT}/Target Support Files/Pods-CodeBaseUIPractice-CodeBaseUIPracticeUITests/Pods-CodeBaseUIPractice-CodeBaseUIPracticeUITests-frameworks-${CONFIGURATION}-input-files.xcfilelist",
			);
			name = "[CP] Embed Pods Frameworks";
			outputFileListPaths = (
				"${PODS_ROOT}/Target Support Files/Pods-CodeBaseUIPractice-CodeBaseUIPracticeUITests/Pods-CodeBaseUIPractice-CodeBaseUIPracticeUITests-frameworks-${CONFIGURATION}-output-files.xcfilelist",
			);
			runOnlyForDeploymentPostprocessing = 0;
			shellPath = /bin/sh;
			shellScript = "\"${PODS_ROOT}/Target Support Files/Pods-CodeBaseUIPractice-CodeBaseUIPracticeUITests/Pods-CodeBaseUIPractice-CodeBaseUIPracticeUITests-frameworks.sh\"\n";
			showEnvVarsInLog = 0;
		};
		1149C878A38BA0B71B3E6347 /* [CP] Check Pods Manifest.lock */ = {
			isa = PBXShellScriptBuildPhase;
			buildActionMask = 2147483647;
			files = (
			);
			inputFileListPaths = (
			);
			inputPaths = (
				"${PODS_PODFILE_DIR_PATH}/Podfile.lock",
				"${PODS_ROOT}/Manifest.lock",
			);
			name = "[CP] Check Pods Manifest.lock";
			outputFileListPaths = (
			);
			outputPaths = (
				"$(DERIVED_FILE_DIR)/Pods-CodeBaseUIPracticeTests-checkManifestLockResult.txt",
			);
			runOnlyForDeploymentPostprocessing = 0;
			shellPath = /bin/sh;
			shellScript = "diff \"${PODS_PODFILE_DIR_PATH}/Podfile.lock\" \"${PODS_ROOT}/Manifest.lock\" > /dev/null\nif [ $? != 0 ] ; then\n    # print error to STDERR\n    echo \"error: The sandbox is not in sync with the Podfile.lock. Run 'pod install' or update your CocoaPods installation.\" >&2\n    exit 1\nfi\n# This output is used by Xcode 'outputs' to avoid re-running this script phase.\necho \"SUCCESS\" > \"${SCRIPT_OUTPUT_FILE_0}\"\n";
			showEnvVarsInLog = 0;
		};
		7E2EAFD757BDF895CCA5ADFC /* [CP] Check Pods Manifest.lock */ = {
			isa = PBXShellScriptBuildPhase;
			buildActionMask = 2147483647;
			files = (
			);
			inputFileListPaths = (
			);
			inputPaths = (
				"${PODS_PODFILE_DIR_PATH}/Podfile.lock",
				"${PODS_ROOT}/Manifest.lock",
			);
			name = "[CP] Check Pods Manifest.lock";
			outputFileListPaths = (
			);
			outputPaths = (
				"$(DERIVED_FILE_DIR)/Pods-CodeBaseUIPractice-checkManifestLockResult.txt",
			);
			runOnlyForDeploymentPostprocessing = 0;
			shellPath = /bin/sh;
			shellScript = "diff \"${PODS_PODFILE_DIR_PATH}/Podfile.lock\" \"${PODS_ROOT}/Manifest.lock\" > /dev/null\nif [ $? != 0 ] ; then\n    # print error to STDERR\n    echo \"error: The sandbox is not in sync with the Podfile.lock. Run 'pod install' or update your CocoaPods installation.\" >&2\n    exit 1\nfi\n# This output is used by Xcode 'outputs' to avoid re-running this script phase.\necho \"SUCCESS\" > \"${SCRIPT_OUTPUT_FILE_0}\"\n";
			showEnvVarsInLog = 0;
		};
		97D09E494721778C8C5CA695 /* [CP] Embed Pods Frameworks */ = {
			isa = PBXShellScriptBuildPhase;
			buildActionMask = 2147483647;
			files = (
			);
			inputFileListPaths = (
				"${PODS_ROOT}/Target Support Files/Pods-CodeBaseUIPractice/Pods-CodeBaseUIPractice-frameworks-${CONFIGURATION}-input-files.xcfilelist",
			);
			name = "[CP] Embed Pods Frameworks";
			outputFileListPaths = (
				"${PODS_ROOT}/Target Support Files/Pods-CodeBaseUIPractice/Pods-CodeBaseUIPractice-frameworks-${CONFIGURATION}-output-files.xcfilelist",
			);
			runOnlyForDeploymentPostprocessing = 0;
			shellPath = /bin/sh;
			shellScript = "\"${PODS_ROOT}/Target Support Files/Pods-CodeBaseUIPractice/Pods-CodeBaseUIPractice-frameworks.sh\"\n";
			showEnvVarsInLog = 0;
		};
		C4412C4CF552B4D429C8B17D /* [CP] Check Pods Manifest.lock */ = {
			isa = PBXShellScriptBuildPhase;
			buildActionMask = 2147483647;
			files = (
			);
			inputFileListPaths = (
			);
			inputPaths = (
				"${PODS_PODFILE_DIR_PATH}/Podfile.lock",
				"${PODS_ROOT}/Manifest.lock",
			);
			name = "[CP] Check Pods Manifest.lock";
			outputFileListPaths = (
			);
			outputPaths = (
				"$(DERIVED_FILE_DIR)/Pods-CodeBaseUIPractice-CodeBaseUIPracticeUITests-checkManifestLockResult.txt",
			);
			runOnlyForDeploymentPostprocessing = 0;
			shellPath = /bin/sh;
			shellScript = "diff \"${PODS_PODFILE_DIR_PATH}/Podfile.lock\" \"${PODS_ROOT}/Manifest.lock\" > /dev/null\nif [ $? != 0 ] ; then\n    # print error to STDERR\n    echo \"error: The sandbox is not in sync with the Podfile.lock. Run 'pod install' or update your CocoaPods installation.\" >&2\n    exit 1\nfi\n# This output is used by Xcode 'outputs' to avoid re-running this script phase.\necho \"SUCCESS\" > \"${SCRIPT_OUTPUT_FILE_0}\"\n";
			showEnvVarsInLog = 0;
		};
		D6F3AD4428F7F24900EF55B1 /* SwiftLint Script */ = {
			isa = PBXShellScriptBuildPhase;
			buildActionMask = 2147483647;
			files = (
			);
			inputFileListPaths = (
			);
			inputPaths = (
			);
			name = "SwiftLint Script";
			outputFileListPaths = (
			);
			outputPaths = (
			);
			runOnlyForDeploymentPostprocessing = 0;
			shellPath = /bin/sh;
			shellScript = "export PATH=\"$PATH:/opt/homebrew/bin\"\nif which swiftlint > /dev/null; then\n  swiftlint\nelse\n  echo \"warning: SwiftLint not installed, download from https://github.com/realm/SwiftLint\"\nfi\n";
		};
/* End PBXShellScriptBuildPhase section */

/* Begin PBXSourcesBuildPhase section */
		D6F3AD0D28F7F0FD00EF55B1 /* Sources */ = {
			isa = PBXSourcesBuildPhase;
			buildActionMask = 2147483647;
			files = (
				D6F3AD6D29061CF200EF55B1 /* AppleLoginViewController.swift in Sources */,
				D6F3AD5028F7F84D00EF55B1 /* SecondViewController.swift in Sources */,
				D60A8CDF29077D3300713DE3 /* SplashScreenViewController.swift in Sources */,
				D6F3AD552902719700EF55B1 /* CustomCell.swift in Sources */,
				D6F3AD1928F7F0FD00EF55B1 /* ViewController.swift in Sources */,
				D6F3AD1528F7F0FD00EF55B1 /* AppDelegate.swift in Sources */,
				D60A8CDB290779CF00713DE3 /* KeychainRepository.swift in Sources */,
				D6F3AD1728F7F0FD00EF55B1 /* SceneDelegate.swift in Sources */,
			);
			runOnlyForDeploymentPostprocessing = 0;
		};
		D6F3AD2328F7F0FE00EF55B1 /* Sources */ = {
			isa = PBXSourcesBuildPhase;
			buildActionMask = 2147483647;
			files = (
				D6F3AD2C28F7F0FE00EF55B1 /* CodeBaseUIPracticeTests.swift in Sources */,
			);
			runOnlyForDeploymentPostprocessing = 0;
		};
		D6F3AD2D28F7F0FE00EF55B1 /* Sources */ = {
			isa = PBXSourcesBuildPhase;
			buildActionMask = 2147483647;
			files = (
				D6F3AD3628F7F0FE00EF55B1 /* CodeBaseUIPracticeUITests.swift in Sources */,
				D6F3AD3828F7F0FE00EF55B1 /* CodeBaseUIPracticeUITestsLaunchTests.swift in Sources */,
			);
			runOnlyForDeploymentPostprocessing = 0;
		};
/* End PBXSourcesBuildPhase section */

/* Begin PBXTargetDependency section */
		D6F3AD2928F7F0FE00EF55B1 /* PBXTargetDependency */ = {
			isa = PBXTargetDependency;
			target = D6F3AD1028F7F0FD00EF55B1 /* CodeBaseUIPractice */;
			targetProxy = D6F3AD2828F7F0FE00EF55B1 /* PBXContainerItemProxy */;
		};
		D6F3AD3328F7F0FE00EF55B1 /* PBXTargetDependency */ = {
			isa = PBXTargetDependency;
			target = D6F3AD1028F7F0FD00EF55B1 /* CodeBaseUIPractice */;
			targetProxy = D6F3AD3228F7F0FE00EF55B1 /* PBXContainerItemProxy */;
		};
/* End PBXTargetDependency section */

/* Begin PBXVariantGroup section */
		D6F3AD1F28F7F0FE00EF55B1 /* LaunchScreen.storyboard */ = {
			isa = PBXVariantGroup;
			children = (
				D6F3AD2028F7F0FE00EF55B1 /* Base */,
			);
			name = LaunchScreen.storyboard;
			sourceTree = "<group>";
		};
/* End PBXVariantGroup section */

/* Begin XCBuildConfiguration section */
		D6F3AD3928F7F0FE00EF55B1 /* Debug */ = {
			isa = XCBuildConfiguration;
			buildSettings = {
				ALWAYS_SEARCH_USER_PATHS = NO;
				CLANG_ANALYZER_NONNULL = YES;
				CLANG_ANALYZER_NUMBER_OBJECT_CONVERSION = YES_AGGRESSIVE;
				CLANG_CXX_LANGUAGE_STANDARD = "gnu++20";
				CLANG_ENABLE_MODULES = YES;
				CLANG_ENABLE_OBJC_ARC = YES;
				CLANG_ENABLE_OBJC_WEAK = YES;
				CLANG_WARN_BLOCK_CAPTURE_AUTORELEASING = YES;
				CLANG_WARN_BOOL_CONVERSION = YES;
				CLANG_WARN_COMMA = YES;
				CLANG_WARN_CONSTANT_CONVERSION = YES;
				CLANG_WARN_DEPRECATED_OBJC_IMPLEMENTATIONS = YES;
				CLANG_WARN_DIRECT_OBJC_ISA_USAGE = YES_ERROR;
				CLANG_WARN_DOCUMENTATION_COMMENTS = YES;
				CLANG_WARN_EMPTY_BODY = YES;
				CLANG_WARN_ENUM_CONVERSION = YES;
				CLANG_WARN_INFINITE_RECURSION = YES;
				CLANG_WARN_INT_CONVERSION = YES;
				CLANG_WARN_NON_LITERAL_NULL_CONVERSION = YES;
				CLANG_WARN_OBJC_IMPLICIT_RETAIN_SELF = YES;
				CLANG_WARN_OBJC_LITERAL_CONVERSION = YES;
				CLANG_WARN_OBJC_ROOT_CLASS = YES_ERROR;
				CLANG_WARN_QUOTED_INCLUDE_IN_FRAMEWORK_HEADER = YES;
				CLANG_WARN_RANGE_LOOP_ANALYSIS = YES;
				CLANG_WARN_STRICT_PROTOTYPES = YES;
				CLANG_WARN_SUSPICIOUS_MOVE = YES;
				CLANG_WARN_UNGUARDED_AVAILABILITY = YES_AGGRESSIVE;
				CLANG_WARN_UNREACHABLE_CODE = YES;
				CLANG_WARN__DUPLICATE_METHOD_MATCH = YES;
				COPY_PHASE_STRIP = NO;
				DEBUG_INFORMATION_FORMAT = dwarf;
				ENABLE_STRICT_OBJC_MSGSEND = YES;
				ENABLE_TESTABILITY = YES;
				GCC_C_LANGUAGE_STANDARD = gnu11;
				GCC_DYNAMIC_NO_PIC = NO;
				GCC_NO_COMMON_BLOCKS = YES;
				GCC_OPTIMIZATION_LEVEL = 0;
				GCC_PREPROCESSOR_DEFINITIONS = (
					"DEBUG=1",
					"$(inherited)",
				);
				GCC_WARN_64_TO_32_BIT_CONVERSION = YES;
				GCC_WARN_ABOUT_RETURN_TYPE = YES_ERROR;
				GCC_WARN_UNDECLARED_SELECTOR = YES;
				GCC_WARN_UNINITIALIZED_AUTOS = YES_AGGRESSIVE;
				GCC_WARN_UNUSED_FUNCTION = YES;
				GCC_WARN_UNUSED_VARIABLE = YES;
				IPHONEOS_DEPLOYMENT_TARGET = 16.0;
				MTL_ENABLE_DEBUG_INFO = INCLUDE_SOURCE;
				MTL_FAST_MATH = YES;
				ONLY_ACTIVE_ARCH = YES;
				SDKROOT = iphoneos;
				SWIFT_ACTIVE_COMPILATION_CONDITIONS = DEBUG;
				SWIFT_OPTIMIZATION_LEVEL = "-Onone";
			};
			name = Debug;
		};
		D6F3AD3A28F7F0FE00EF55B1 /* Release */ = {
			isa = XCBuildConfiguration;
			buildSettings = {
				ALWAYS_SEARCH_USER_PATHS = NO;
				CLANG_ANALYZER_NONNULL = YES;
				CLANG_ANALYZER_NUMBER_OBJECT_CONVERSION = YES_AGGRESSIVE;
				CLANG_CXX_LANGUAGE_STANDARD = "gnu++20";
				CLANG_ENABLE_MODULES = YES;
				CLANG_ENABLE_OBJC_ARC = YES;
				CLANG_ENABLE_OBJC_WEAK = YES;
				CLANG_WARN_BLOCK_CAPTURE_AUTORELEASING = YES;
				CLANG_WARN_BOOL_CONVERSION = YES;
				CLANG_WARN_COMMA = YES;
				CLANG_WARN_CONSTANT_CONVERSION = YES;
				CLANG_WARN_DEPRECATED_OBJC_IMPLEMENTATIONS = YES;
				CLANG_WARN_DIRECT_OBJC_ISA_USAGE = YES_ERROR;
				CLANG_WARN_DOCUMENTATION_COMMENTS = YES;
				CLANG_WARN_EMPTY_BODY = YES;
				CLANG_WARN_ENUM_CONVERSION = YES;
				CLANG_WARN_INFINITE_RECURSION = YES;
				CLANG_WARN_INT_CONVERSION = YES;
				CLANG_WARN_NON_LITERAL_NULL_CONVERSION = YES;
				CLANG_WARN_OBJC_IMPLICIT_RETAIN_SELF = YES;
				CLANG_WARN_OBJC_LITERAL_CONVERSION = YES;
				CLANG_WARN_OBJC_ROOT_CLASS = YES_ERROR;
				CLANG_WARN_QUOTED_INCLUDE_IN_FRAMEWORK_HEADER = YES;
				CLANG_WARN_RANGE_LOOP_ANALYSIS = YES;
				CLANG_WARN_STRICT_PROTOTYPES = YES;
				CLANG_WARN_SUSPICIOUS_MOVE = YES;
				CLANG_WARN_UNGUARDED_AVAILABILITY = YES_AGGRESSIVE;
				CLANG_WARN_UNREACHABLE_CODE = YES;
				CLANG_WARN__DUPLICATE_METHOD_MATCH = YES;
				COPY_PHASE_STRIP = NO;
				DEBUG_INFORMATION_FORMAT = "dwarf-with-dsym";
				ENABLE_NS_ASSERTIONS = NO;
				ENABLE_STRICT_OBJC_MSGSEND = YES;
				GCC_C_LANGUAGE_STANDARD = gnu11;
				GCC_NO_COMMON_BLOCKS = YES;
				GCC_WARN_64_TO_32_BIT_CONVERSION = YES;
				GCC_WARN_ABOUT_RETURN_TYPE = YES_ERROR;
				GCC_WARN_UNDECLARED_SELECTOR = YES;
				GCC_WARN_UNINITIALIZED_AUTOS = YES_AGGRESSIVE;
				GCC_WARN_UNUSED_FUNCTION = YES;
				GCC_WARN_UNUSED_VARIABLE = YES;
				IPHONEOS_DEPLOYMENT_TARGET = 16.0;
				MTL_ENABLE_DEBUG_INFO = NO;
				MTL_FAST_MATH = YES;
				SDKROOT = iphoneos;
				SWIFT_COMPILATION_MODE = wholemodule;
				SWIFT_OPTIMIZATION_LEVEL = "-O";
				VALIDATE_PRODUCT = YES;
			};
			name = Release;
		};
		D6F3AD3C28F7F0FE00EF55B1 /* Debug */ = {
			isa = XCBuildConfiguration;
			baseConfigurationReference = 7D0063F5D2F1420CF676F080 /* Pods-CodeBaseUIPractice.debug.xcconfig */;
			buildSettings = {
				ASSETCATALOG_COMPILER_APPICON_NAME = AppIcon;
				ASSETCATALOG_COMPILER_GLOBAL_ACCENT_COLOR_NAME = AccentColor;
				CODE_SIGN_ENTITLEMENTS = CodeBaseUIPractice/CodeBaseUIPractice.entitlements;
				CODE_SIGN_STYLE = Automatic;
				CURRENT_PROJECT_VERSION = 1;
				DEVELOPMENT_TEAM = 4QG3GC35LA;
				GENERATE_INFOPLIST_FILE = YES;
				INFOPLIST_FILE = CodeBaseUIPractice/Info.plist;
				INFOPLIST_KEY_UIApplicationSupportsIndirectInputEvents = YES;
				INFOPLIST_KEY_UILaunchStoryboardName = LaunchScreen;
				INFOPLIST_KEY_UISupportedInterfaceOrientations_iPad = "UIInterfaceOrientationPortrait UIInterfaceOrientationPortraitUpsideDown UIInterfaceOrientationLandscapeLeft UIInterfaceOrientationLandscapeRight";
				INFOPLIST_KEY_UISupportedInterfaceOrientations_iPhone = "UIInterfaceOrientationPortrait UIInterfaceOrientationLandscapeLeft UIInterfaceOrientationLandscapeRight";
				LD_RUNPATH_SEARCH_PATHS = (
					"$(inherited)",
					"@executable_path/Frameworks",
				);
				MARKETING_VERSION = 1.0;
				PRODUCT_BUNDLE_IDENTIFIER = com.codershigh.codeBaseUIPractice;
				PRODUCT_NAME = "$(TARGET_NAME)";
				SWIFT_EMIT_LOC_STRINGS = YES;
				SWIFT_VERSION = 5.0;
				TARGETED_DEVICE_FAMILY = "1,2";
			};
			name = Debug;
		};
		D6F3AD3D28F7F0FE00EF55B1 /* Release */ = {
			isa = XCBuildConfiguration;
			baseConfigurationReference = 96729A4593B3C7F7B8B60D3D /* Pods-CodeBaseUIPractice.release.xcconfig */;
			buildSettings = {
				ASSETCATALOG_COMPILER_APPICON_NAME = AppIcon;
				ASSETCATALOG_COMPILER_GLOBAL_ACCENT_COLOR_NAME = AccentColor;
				CODE_SIGN_ENTITLEMENTS = CodeBaseUIPractice/CodeBaseUIPractice.entitlements;
				CODE_SIGN_STYLE = Automatic;
				CURRENT_PROJECT_VERSION = 1;
				DEVELOPMENT_TEAM = 4QG3GC35LA;
				GENERATE_INFOPLIST_FILE = YES;
				INFOPLIST_FILE = CodeBaseUIPractice/Info.plist;
				INFOPLIST_KEY_UIApplicationSupportsIndirectInputEvents = YES;
				INFOPLIST_KEY_UILaunchStoryboardName = LaunchScreen;
				INFOPLIST_KEY_UISupportedInterfaceOrientations_iPad = "UIInterfaceOrientationPortrait UIInterfaceOrientationPortraitUpsideDown UIInterfaceOrientationLandscapeLeft UIInterfaceOrientationLandscapeRight";
				INFOPLIST_KEY_UISupportedInterfaceOrientations_iPhone = "UIInterfaceOrientationPortrait UIInterfaceOrientationLandscapeLeft UIInterfaceOrientationLandscapeRight";
				LD_RUNPATH_SEARCH_PATHS = (
					"$(inherited)",
					"@executable_path/Frameworks",
				);
				MARKETING_VERSION = 1.0;
				PRODUCT_BUNDLE_IDENTIFIER = com.codershigh.codeBaseUIPractice;
				PRODUCT_NAME = "$(TARGET_NAME)";
				SWIFT_EMIT_LOC_STRINGS = YES;
				SWIFT_VERSION = 5.0;
				TARGETED_DEVICE_FAMILY = "1,2";
			};
			name = Release;
		};
		D6F3AD3F28F7F0FE00EF55B1 /* Debug */ = {
			isa = XCBuildConfiguration;
			baseConfigurationReference = BFC483AC320BD76D33D758F6 /* Pods-CodeBaseUIPracticeTests.debug.xcconfig */;
			buildSettings = {
				ALWAYS_EMBED_SWIFT_STANDARD_LIBRARIES = YES;
				BUNDLE_LOADER = "$(TEST_HOST)";
				CODE_SIGN_STYLE = Automatic;
				CURRENT_PROJECT_VERSION = 1;
				DEVELOPMENT_TEAM = 2YJXRFH75A;
				GENERATE_INFOPLIST_FILE = YES;
				IPHONEOS_DEPLOYMENT_TARGET = 16.0;
				MARKETING_VERSION = 1.0;
				PRODUCT_BUNDLE_IDENTIFIER = com.subin.codeBaseUIPractice.CodeBaseUIPracticeTests;
				PRODUCT_NAME = "$(TARGET_NAME)";
				SWIFT_EMIT_LOC_STRINGS = NO;
				SWIFT_VERSION = 5.0;
				TARGETED_DEVICE_FAMILY = "1,2";
				TEST_HOST = "$(BUILT_PRODUCTS_DIR)/CodeBaseUIPractice.app/$(BUNDLE_EXECUTABLE_FOLDER_PATH)/CodeBaseUIPractice";
			};
			name = Debug;
		};
		D6F3AD4028F7F0FE00EF55B1 /* Release */ = {
			isa = XCBuildConfiguration;
			baseConfigurationReference = 86587286663DB6C04CF605A8 /* Pods-CodeBaseUIPracticeTests.release.xcconfig */;
			buildSettings = {
				ALWAYS_EMBED_SWIFT_STANDARD_LIBRARIES = YES;
				BUNDLE_LOADER = "$(TEST_HOST)";
				CODE_SIGN_STYLE = Automatic;
				CURRENT_PROJECT_VERSION = 1;
				DEVELOPMENT_TEAM = 2YJXRFH75A;
				GENERATE_INFOPLIST_FILE = YES;
				IPHONEOS_DEPLOYMENT_TARGET = 16.0;
				MARKETING_VERSION = 1.0;
				PRODUCT_BUNDLE_IDENTIFIER = com.subin.codeBaseUIPractice.CodeBaseUIPracticeTests;
				PRODUCT_NAME = "$(TARGET_NAME)";
				SWIFT_EMIT_LOC_STRINGS = NO;
				SWIFT_VERSION = 5.0;
				TARGETED_DEVICE_FAMILY = "1,2";
				TEST_HOST = "$(BUILT_PRODUCTS_DIR)/CodeBaseUIPractice.app/$(BUNDLE_EXECUTABLE_FOLDER_PATH)/CodeBaseUIPractice";
			};
			name = Release;
		};
		D6F3AD4228F7F0FE00EF55B1 /* Debug */ = {
			isa = XCBuildConfiguration;
			baseConfigurationReference = 9472A2A86BD668CC43004973 /* Pods-CodeBaseUIPractice-CodeBaseUIPracticeUITests.debug.xcconfig */;
			buildSettings = {
				ALWAYS_EMBED_SWIFT_STANDARD_LIBRARIES = YES;
				CODE_SIGN_STYLE = Automatic;
				CURRENT_PROJECT_VERSION = 1;
				DEVELOPMENT_TEAM = 2YJXRFH75A;
				GENERATE_INFOPLIST_FILE = YES;
				MARKETING_VERSION = 1.0;
				PRODUCT_BUNDLE_IDENTIFIER = com.subin.codeBaseUIPractice.CodeBaseUIPracticeUITests;
				PRODUCT_NAME = "$(TARGET_NAME)";
				SWIFT_EMIT_LOC_STRINGS = NO;
				SWIFT_VERSION = 5.0;
				TARGETED_DEVICE_FAMILY = "1,2";
				TEST_TARGET_NAME = CodeBaseUIPractice;
			};
			name = Debug;
		};
		D6F3AD4328F7F0FE00EF55B1 /* Release */ = {
			isa = XCBuildConfiguration;
			baseConfigurationReference = FE77B0A73D70B5DAB15857BF /* Pods-CodeBaseUIPractice-CodeBaseUIPracticeUITests.release.xcconfig */;
			buildSettings = {
				ALWAYS_EMBED_SWIFT_STANDARD_LIBRARIES = YES;
				CODE_SIGN_STYLE = Automatic;
				CURRENT_PROJECT_VERSION = 1;
				DEVELOPMENT_TEAM = 2YJXRFH75A;
				GENERATE_INFOPLIST_FILE = YES;
				MARKETING_VERSION = 1.0;
				PRODUCT_BUNDLE_IDENTIFIER = com.subin.codeBaseUIPractice.CodeBaseUIPracticeUITests;
				PRODUCT_NAME = "$(TARGET_NAME)";
				SWIFT_EMIT_LOC_STRINGS = NO;
				SWIFT_VERSION = 5.0;
				TARGETED_DEVICE_FAMILY = "1,2";
				TEST_TARGET_NAME = CodeBaseUIPractice;
			};
			name = Release;
		};
/* End XCBuildConfiguration section */

/* Begin XCConfigurationList section */
		D6F3AD0C28F7F0FD00EF55B1 /* Build configuration list for PBXProject "CodeBaseUIPractice" */ = {
			isa = XCConfigurationList;
			buildConfigurations = (
				D6F3AD3928F7F0FE00EF55B1 /* Debug */,
				D6F3AD3A28F7F0FE00EF55B1 /* Release */,
			);
			defaultConfigurationIsVisible = 0;
			defaultConfigurationName = Release;
		};
		D6F3AD3B28F7F0FE00EF55B1 /* Build configuration list for PBXNativeTarget "CodeBaseUIPractice" */ = {
			isa = XCConfigurationList;
			buildConfigurations = (
				D6F3AD3C28F7F0FE00EF55B1 /* Debug */,
				D6F3AD3D28F7F0FE00EF55B1 /* Release */,
			);
			defaultConfigurationIsVisible = 0;
			defaultConfigurationName = Release;
		};
		D6F3AD3E28F7F0FE00EF55B1 /* Build configuration list for PBXNativeTarget "CodeBaseUIPracticeTests" */ = {
			isa = XCConfigurationList;
			buildConfigurations = (
				D6F3AD3F28F7F0FE00EF55B1 /* Debug */,
				D6F3AD4028F7F0FE00EF55B1 /* Release */,
			);
			defaultConfigurationIsVisible = 0;
			defaultConfigurationName = Release;
		};
		D6F3AD4128F7F0FE00EF55B1 /* Build configuration list for PBXNativeTarget "CodeBaseUIPracticeUITests" */ = {
			isa = XCConfigurationList;
			buildConfigurations = (
				D6F3AD4228F7F0FE00EF55B1 /* Debug */,
				D6F3AD4328F7F0FE00EF55B1 /* Release */,
			);
			defaultConfigurationIsVisible = 0;
			defaultConfigurationName = Release;
		};
/* End XCConfigurationList section */

/* Begin XCRemoteSwiftPackageReference section */
		D65591A729383BE000C558F0 /* XCRemoteSwiftPackageReference "JWTDecode" */ = {
			isa = XCRemoteSwiftPackageReference;
			repositoryURL = "https://github.com/auth0/JWTDecode.swift";
			requirement = {
				kind = upToNextMajorVersion;
				minimumVersion = 3.0.0;
			};
		};
		D6F3AD4C28F7F80700EF55B1 /* XCRemoteSwiftPackageReference "SnapKit" */ = {
			isa = XCRemoteSwiftPackageReference;
			repositoryURL = "https://github.com/SnapKit/SnapKit";
			requirement = {
				kind = exactVersion;
				version = 5.6.0;
			};
		};
		D6F3AD652902879400EF55B1 /* XCRemoteSwiftPackageReference "RxSwift" */ = {
			isa = XCRemoteSwiftPackageReference;
			repositoryURL = "https://github.com/ReactiveX/RxSwift";
			requirement = {
				branch = main;
				kind = branch;
			};
		};
		D6F3AD7229066C6800EF55B1 /* XCRemoteSwiftPackageReference "firebase-ios-sdk" */ = {
			isa = XCRemoteSwiftPackageReference;
			repositoryURL = "https://github.com/firebase/firebase-ios-sdk";
			requirement = {
				kind = upToNextMajorVersion;
				minimumVersion = 9.0.0;
			};
		};
/* End XCRemoteSwiftPackageReference section */

/* Begin XCSwiftPackageProductDependency section */
		D65591A829383BE000C558F0 /* JWTDecode */ = {
			isa = XCSwiftPackageProductDependency;
			package = D65591A729383BE000C558F0 /* XCRemoteSwiftPackageReference "JWTDecode" */;
			productName = JWTDecode;
		};
		D6F3AD4D28F7F80700EF55B1 /* SnapKit */ = {
			isa = XCSwiftPackageProductDependency;
			package = D6F3AD4C28F7F80700EF55B1 /* XCRemoteSwiftPackageReference "SnapKit" */;
			productName = SnapKit;
		};
		D6F3AD662902879400EF55B1 /* RxCocoa */ = {
			isa = XCSwiftPackageProductDependency;
			package = D6F3AD652902879400EF55B1 /* XCRemoteSwiftPackageReference "RxSwift" */;
			productName = RxCocoa;
		};
		D6F3AD682902879400EF55B1 /* RxRelay */ = {
			isa = XCSwiftPackageProductDependency;
			package = D6F3AD652902879400EF55B1 /* XCRemoteSwiftPackageReference "RxSwift" */;
			productName = RxRelay;
		};
		D6F3AD6A2902879400EF55B1 /* RxSwift */ = {
			isa = XCSwiftPackageProductDependency;
			package = D6F3AD652902879400EF55B1 /* XCRemoteSwiftPackageReference "RxSwift" */;
			productName = RxSwift;
		};
		D6F3AD7329066C6800EF55B1 /* FirebaseAnalytics */ = {
			isa = XCSwiftPackageProductDependency;
			package = D6F3AD7229066C6800EF55B1 /* XCRemoteSwiftPackageReference "firebase-ios-sdk" */;
			productName = FirebaseAnalytics;
		};
		D6F3AD7529066C6800EF55B1 /* FirebaseAnalyticsSwift */ = {
			isa = XCSwiftPackageProductDependency;
			package = D6F3AD7229066C6800EF55B1 /* XCRemoteSwiftPackageReference "firebase-ios-sdk" */;
			productName = FirebaseAnalyticsSwift;
		};
		D6F3AD7729066C6800EF55B1 /* FirebaseAuth */ = {
			isa = XCSwiftPackageProductDependency;
			package = D6F3AD7229066C6800EF55B1 /* XCRemoteSwiftPackageReference "firebase-ios-sdk" */;
			productName = FirebaseAuth;
		};
		D6F3AD7929066C6800EF55B1 /* FirebaseDatabase */ = {
			isa = XCSwiftPackageProductDependency;
			package = D6F3AD7229066C6800EF55B1 /* XCRemoteSwiftPackageReference "firebase-ios-sdk" */;
			productName = FirebaseDatabase;
		};
		D6F3AD7B29066C6800EF55B1 /* FirebaseDatabaseSwift */ = {
			isa = XCSwiftPackageProductDependency;
			package = D6F3AD7229066C6800EF55B1 /* XCRemoteSwiftPackageReference "firebase-ios-sdk" */;
			productName = FirebaseDatabaseSwift;
		};
/* End XCSwiftPackageProductDependency section */
	};
	rootObject = D6F3AD0928F7F0FD00EF55B1 /* Project object */;
}
